
Microsoft Visual Studio Solution File, Format Version 12.00
# Visual Studio 14
VisualStudioVersion = 14.0.25420.1
MinimumVisualStudioVersion = 10.0.40219.1
Project("{FAE04EC0-301F-11D3-BF4B-00C04F79EFBC}") = "FirestormRealmWatcher", "FirestormRealmWatcher\FirestormRealmWatcher.csproj", "{2EDD1805-910A-43EC-908D-D5D43D158AC3}"
EndProject
Project("{FAE04EC0-301F-11D3-BF4B-00C04F79EFBC}") = "RealmWatcher", "RealmWatcher\RealmWatcher.csproj", "{F086FA10-ED1D-40B3-AF6C-E237253F1490}"
EndProject
Global
	GlobalSection(SolutionConfigurationPlatforms) = preSolution
		Debug|Any CPU = Debug|Any CPU
		Release|Any CPU = Release|Any CPU
	EndGlobalSection
	GlobalSection(ProjectConfigurationPlatforms) = postSolution
		{2EDD1805-910A-43EC-908D-D5D43D158AC3}.Debug|Any CPU.ActiveCfg = Debug|Any CPU
		{2EDD1805-910A-43EC-908D-D5D43D158AC3}.Debug|Any CPU.Build.0 = Debug|Any CPU
		{2EDD1805-910A-43EC-908D-D5D43D158AC3}.Release|Any CPU.ActiveCfg = Release|Any CPU
		{2EDD1805-910A-43EC-908D-D5D43D158AC3}.Release|Any CPU.Build.0 = Release|Any CPU
		{F086FA10-ED1D-40B3-AF6C-E237253F1490}.Debug|Any CPU.ActiveCfg = Debug|Any CPU
		{F086FA10-ED1D-40B3-AF6C-E237253F1490}.Debug|Any CPU.Build.0 = Debug|Any CPU
		{F086FA10-ED1D-40B3-AF6C-E237253F1490}.Release|Any CPU.ActiveCfg = Release|Any CPU
		{F086FA10-ED1D-40B3-AF6C-E237253F1490}.Release|Any CPU.Build.0 = Release|Any CPU
	EndGlobalSection
	GlobalSection(SolutionProperties) = preSolution
		HideSolutionNode = FALSE
	EndGlobalSection
EndGlobal
